{
  "nodes": {
    "firefox-gnome-theme": {
      "flake": false,
      "locked": {
        "lastModified": 1711290399,
        "narHash": "sha256-e1xuHAHgeC8EU7cAIa3XfvzgI4Y7rzyTkAt9sBsgrfc=",
        "owner": "rafaelmardojai",
        "repo": "firefox-gnome-theme",
        "rev": "33015314c12190230295cff61ced148e0f7ffe1c",
        "type": "github"
      },
      "original": {
        "owner": "rafaelmardojai",
        "repo": "firefox-gnome-theme",
        "type": "github"
      }
    },
    "home-manager": {
      "inputs": {
        "nixpkgs": [
          "nixpkgs"
        ]
      },
      "locked": {
        "lastModified": 1711625603,
        "narHash": "sha256-W+9dfqA9bqUIBV5u7jaIARAzMe3kTq/Hp2SpSVXKRQw=",
        "owner": "nix-community",
        "repo": "home-manager",
        "rev": "c0ef0dab55611c676ad7539bf4e41b3ec6fa87d2",
        "type": "github"
      },
      "original": {
        "owner": "nix-community",
        "repo": "home-manager",
        "type": "github"
      }
    },
    "lf-icons": {
      "flake": false,
      "locked": {
        "lastModified": 1711439534,
        "narHash": "sha256-zcJWOUOYTcArUmz5I9T4XY43snFEhdOEj4opa1MpLc0=",
        "owner": "gokcehan",
        "repo": "lf",
        "rev": "1e10e95f4d2f7afaf83235dc0b524c4bdc9937e5",
        "type": "github"
      },
      "original": {
        "owner": "gokcehan",
        "repo": "lf",
        "type": "github"
      }
    },
    "nixpkgs": {
      "locked": {
        "lastModified": 1711523803,
        "narHash": "sha256-UKcYiHWHQynzj6CN/vTcix4yd1eCu1uFdsuarupdCQQ=",
        "owner": "nixos",
        "repo": "nixpkgs",
        "rev": "2726f127c15a4cc9810843b96cad73c7eb39e443",
        "type": "github"
      },
      "original": {
        "owner": "nixos",
        "ref": "nixos-unstable",
        "repo": "nixpkgs",
        "type": "github"
      }
    },
    "nixpkgs_2": {
      "locked": {
        "lastModified": 1704722960,
        "narHash": "sha256-mKGJ3sPsT6//s+Knglai5YflJUF2DGj7Ai6Ynopz0kI=",
        "owner": "NixOS",
        "repo": "nixpkgs",
        "rev": "317484b1ead87b9c1b8ac5261a8d2dd748a0492d",
        "type": "github"
      },
      "original": {
        "id": "nixpkgs",
        "ref": "nixos-unstable",
        "type": "indirect"
      }
    },
    "root": {
      "inputs": {
        "firefox-gnome-theme": "firefox-gnome-theme",
        "home-manager": "home-manager",
        "lf-icons": "lf-icons",
        "nixpkgs": "nixpkgs",
        "stm": "stm"
      }
    },
    "stm": {
      "inputs": {
        "nixpkgs": "nixpkgs_2"
      },
      "locked": {
        "lastModified": 1707430886,
        "narHash": "sha256-d4LaWnGLtDD03c0nZQyVB8hZCXli/t7m2u0BkU2s9Ew=",
        "owner": "Aylur",
        "repo": "stm",
        "rev": "c09a6ff29800f840daede9436fc57b1f2090da79",
        "type": "github"
      },
      "original": {
        "owner": "Aylur",
        "repo": "stm",
        "type": "github"
      }
    }
  },
  "root": "root",
  "version": 7
}
